
Microsoft Visual Studio Solution File, Format Version 12.00
# Visual Studio Version 16
VisualStudioVersion = 16.0.30523.141
MinimumVisualStudioVersion = 10.0.40219.1
Project("{FAE04EC0-301F-11D3-BF4B-00C04F79EFBC}") = "Programming1_Exercise_GitTest", "Programming1_Exercise_GitTest.csproj", "{C202D048-B728-411B-B736-E0AE0303463A}"
EndProject
Global
	GlobalSection(SolutionConfigurationPlatforms) = preSolution
		Debug|Any CPU = Debug|Any CPU
		Release|Any CPU = Release|Any CPU
	EndGlobalSection
	GlobalSection(ProjectConfigurationPlatforms) = postSolution
		{C202D048-B728-411B-B736-E0AE0303463A}.Debug|Any CPU.ActiveCfg = Debug|Any CPU
		{C202D048-B728-411B-B736-E0AE0303463A}.Debug|Any CPU.Build.0 = Debug|Any CPU
		{C202D048-B728-411B-B736-E0AE0303463A}.Release|Any CPU.ActiveCfg = Release|Any CPU
		{C202D048-B728-411B-B736-E0AE0303463A}.Release|Any CPU.Build.0 = Release|Any CPU
	EndGlobalSection
	GlobalSection(SolutionProperties) = preSolution
		HideSolutionNode = FALSE
	EndGlobalSection
	GlobalSection(ExtensibilityGlobals) = postSolution
		SolutionGuid = {B7D1E7E8-D7D9-4255-BA60-56CAC2B9ACAB}
	EndGlobalSection
EndGlobal
